
Microsoft Visual Studio Solution File, Format Version 12.00
# Visual Studio Version 16
VisualStudioVersion = 16.0.29102.190
MinimumVisualStudioVersion = 10.0.40219.1
Project("{888888A0-9F3D-457C-B088-3A5042F75D52}") = "FlaskWebProject1", "FlaskWebProject1\FlaskWebProject1.pyproj", "{9F670A40-0C3F-4F3B-88C0-538CFA447053}"
EndProject
Global
	GlobalSection(SolutionConfigurationPlatforms) = preSolution
		Debug|Any CPU = Debug|Any CPU
		Release|Any CPU = Release|Any CPU
	EndGlobalSection
	GlobalSection(ProjectConfigurationPlatforms) = postSolution
		{9F670A40-0C3F-4F3B-88C0-538CFA447053}.Debug|Any CPU.ActiveCfg = Debug|Any CPU
		{9F670A40-0C3F-4F3B-88C0-538CFA447053}.Debug|Any CPU.Build.0 = Debug|Any CPU
		{9F670A40-0C3F-4F3B-88C0-538CFA447053}.Release|Any CPU.ActiveCfg = Release|Any CPU
		{9F670A40-0C3F-4F3B-88C0-538CFA447053}.Release|Any CPU.Build.0 = Release|Any CPU
	EndGlobalSection
	GlobalSection(SolutionProperties) = preSolution
		HideSolutionNode = FALSE
	EndGlobalSection
	GlobalSection(ExtensibilityGlobals) = postSolution
		SolutionGuid = {16BBE193-9AB3-4108-8036-9CF38AB34D73}
	EndGlobalSection
EndGlobal
